
Microsoft Visual Studio Solution File, Format Version 12.00
# Visual Studio Version 16
VisualStudioVersion = 16.0.28803.156
MinimumVisualStudioVersion = 10.0.40219.1
Project("{9A19103F-16F7-4668-BE54-9A1E7A4F7556}") = "DMS.EntityFrameworkCore.Api", "DMS.EntityFrameworkCore.Api\DMS.EntityFrameworkCore.Api.csproj", "{EBE8C526-6D54-4393-8401-F3C82E352FD7}"
EndProject
Project("{9A19103F-16F7-4668-BE54-9A1E7A4F7556}") = "DMS.EntityFrameworkCore.Extension", "DMS.EntityFrameworkCore.Extension\DMS.EntityFrameworkCore.Extension.csproj", "{0C576F24-A0FF-4C50-A342-3ADE6EC42648}"
EndProject
Project("{2150E333-8FDC-42A3-9474-1A3956D46DE8}") = "00.EFCore.Extension", "00.EFCore.Extension", "{586E8D89-E76D-4BCF-A122-AD51CFAF97A8}"
EndProject
Project("{9A19103F-16F7-4668-BE54-9A1E7A4F7556}") = "DMS.EntityFrameworkCore.Repository", "DMS.EntityFrameworkCore.Repository\DMS.EntityFrameworkCore.Repository.csproj", "{36742240-10D5-45FF-B184-125FD45C7561}"
EndProject
Project("{9A19103F-16F7-4668-BE54-9A1E7A4F7556}") = "DMS.EntityFrameworkCore.Service", "DMS.EntityFrameworkCore.Service\DMS.EntityFrameworkCore.Service.csproj", "{A69CB783-D05C-4A0E-BE14-8A380ED65821}"
EndProject
Project("{2150E333-8FDC-42A3-9474-1A3956D46DE8}") = "01.Repository", "01.Repository", "{257A31DD-5499-47B3-BAE2-83152C3B423E}"
EndProject
Project("{2150E333-8FDC-42A3-9474-1A3956D46DE8}") = "03.Test", "03.Test", "{FCF35B31-569E-4CEB-AB79-0F400C36D460}"
EndProject
Project("{9A19103F-16F7-4668-BE54-9A1E7A4F7556}") = "DMS.EntityFrameworkCore.Contracts", "DMS.EntityFrameworkCore.Contracts\DMS.EntityFrameworkCore.Contracts.csproj", "{AD8C3BA7-2FE4-441A-A52D-6914E2B71628}"
EndProject
Project("{2150E333-8FDC-42A3-9474-1A3956D46DE8}") = "02.Service", "02.Service", "{525C7581-8C55-4F04-B6D3-7BF705F3A209}"
EndProject
Project("{FAE04EC0-301F-11D3-BF4B-00C04F79EFBC}") = "WebApplication1", "WebApplication1\WebApplication1.csproj", "{8BAD41D5-EFFF-4B29-9C65-B8F32000204D}"
EndProject
Project("{FAE04EC0-301F-11D3-BF4B-00C04F79EFBC}") = "WebApplication2", "WebApplication2\WebApplication2.csproj", "{25FA0A13-3798-4C26-A26D-058C82BED2DA}"
EndProject
Global
	GlobalSection(SolutionConfigurationPlatforms) = preSolution
		Debug|Any CPU = Debug|Any CPU
		Release|Any CPU = Release|Any CPU
	EndGlobalSection
	GlobalSection(ProjectConfigurationPlatforms) = postSolution
		{EBE8C526-6D54-4393-8401-F3C82E352FD7}.Debug|Any CPU.ActiveCfg = Debug|Any CPU
		{EBE8C526-6D54-4393-8401-F3C82E352FD7}.Debug|Any CPU.Build.0 = Debug|Any CPU
		{EBE8C526-6D54-4393-8401-F3C82E352FD7}.Release|Any CPU.ActiveCfg = Release|Any CPU
		{EBE8C526-6D54-4393-8401-F3C82E352FD7}.Release|Any CPU.Build.0 = Release|Any CPU
		{0C576F24-A0FF-4C50-A342-3ADE6EC42648}.Debug|Any CPU.ActiveCfg = Debug|Any CPU
		{0C576F24-A0FF-4C50-A342-3ADE6EC42648}.Debug|Any CPU.Build.0 = Debug|Any CPU
		{0C576F24-A0FF-4C50-A342-3ADE6EC42648}.Release|Any CPU.ActiveCfg = Release|Any CPU
		{0C576F24-A0FF-4C50-A342-3ADE6EC42648}.Release|Any CPU.Build.0 = Release|Any CPU
		{36742240-10D5-45FF-B184-125FD45C7561}.Debug|Any CPU.ActiveCfg = Debug|Any CPU
		{36742240-10D5-45FF-B184-125FD45C7561}.Debug|Any CPU.Build.0 = Debug|Any CPU
		{36742240-10D5-45FF-B184-125FD45C7561}.Release|Any CPU.ActiveCfg = Release|Any CPU
		{36742240-10D5-45FF-B184-125FD45C7561}.Release|Any CPU.Build.0 = Release|Any CPU
		{A69CB783-D05C-4A0E-BE14-8A380ED65821}.Debug|Any CPU.ActiveCfg = Debug|Any CPU
		{A69CB783-D05C-4A0E-BE14-8A380ED65821}.Debug|Any CPU.Build.0 = Debug|Any CPU
		{A69CB783-D05C-4A0E-BE14-8A380ED65821}.Release|Any CPU.ActiveCfg = Release|Any CPU
		{A69CB783-D05C-4A0E-BE14-8A380ED65821}.Release|Any CPU.Build.0 = Release|Any CPU
		{AD8C3BA7-2FE4-441A-A52D-6914E2B71628}.Debug|Any CPU.ActiveCfg = Debug|Any CPU
		{AD8C3BA7-2FE4-441A-A52D-6914E2B71628}.Debug|Any CPU.Build.0 = Debug|Any CPU
		{AD8C3BA7-2FE4-441A-A52D-6914E2B71628}.Release|Any CPU.ActiveCfg = Release|Any CPU
		{AD8C3BA7-2FE4-441A-A52D-6914E2B71628}.Release|Any CPU.Build.0 = Release|Any CPU
		{8BAD41D5-EFFF-4B29-9C65-B8F32000204D}.Debug|Any CPU.ActiveCfg = Debug|Any CPU
		{8BAD41D5-EFFF-4B29-9C65-B8F32000204D}.Debug|Any CPU.Build.0 = Debug|Any CPU
		{8BAD41D5-EFFF-4B29-9C65-B8F32000204D}.Release|Any CPU.ActiveCfg = Release|Any CPU
		{8BAD41D5-EFFF-4B29-9C65-B8F32000204D}.Release|Any CPU.Build.0 = Release|Any CPU
		{25FA0A13-3798-4C26-A26D-058C82BED2DA}.Debug|Any CPU.ActiveCfg = Debug|Any CPU
		{25FA0A13-3798-4C26-A26D-058C82BED2DA}.Debug|Any CPU.Build.0 = Debug|Any CPU
		{25FA0A13-3798-4C26-A26D-058C82BED2DA}.Release|Any CPU.ActiveCfg = Release|Any CPU
		{25FA0A13-3798-4C26-A26D-058C82BED2DA}.Release|Any CPU.Build.0 = Release|Any CPU
	EndGlobalSection
	GlobalSection(SolutionProperties) = preSolution
		HideSolutionNode = FALSE
	EndGlobalSection
	GlobalSection(NestedProjects) = preSolution
		{EBE8C526-6D54-4393-8401-F3C82E352FD7} = {FCF35B31-569E-4CEB-AB79-0F400C36D460}
		{0C576F24-A0FF-4C50-A342-3ADE6EC42648} = {586E8D89-E76D-4BCF-A122-AD51CFAF97A8}
		{36742240-10D5-45FF-B184-125FD45C7561} = {257A31DD-5499-47B3-BAE2-83152C3B423E}
		{A69CB783-D05C-4A0E-BE14-8A380ED65821} = {525C7581-8C55-4F04-B6D3-7BF705F3A209}
		{AD8C3BA7-2FE4-441A-A52D-6914E2B71628} = {525C7581-8C55-4F04-B6D3-7BF705F3A209}
		{8BAD41D5-EFFF-4B29-9C65-B8F32000204D} = {FCF35B31-569E-4CEB-AB79-0F400C36D460}
		{25FA0A13-3798-4C26-A26D-058C82BED2DA} = {FCF35B31-569E-4CEB-AB79-0F400C36D460}
	EndGlobalSection
	GlobalSection(ExtensibilityGlobals) = postSolution
		SolutionGuid = {80FD369C-77B9-4C44-8038-F77223023E50}
	EndGlobalSection
EndGlobal
